// !$*UTF8*$!
{
	archiveVersion = 1;
	classes = {
	};
	objectVersion = 50;
	objects = {

/* Begin PBXBuildFile section */
		47262AAE2538154D006C9C58 /* AppDelegate.swift in Sources */ = {isa = PBXBuildFile; fileRef = 47262AAD2538154D006C9C58 /* AppDelegate.swift */; };
		47262AB02538154D006C9C58 /* SceneDelegate.swift in Sources */ = {isa = PBXBuildFile; fileRef = 47262AAF2538154D006C9C58 /* SceneDelegate.swift */; };
		47262AB22538154D006C9C58 /* ViewController.swift in Sources */ = {isa = PBXBuildFile; fileRef = 47262AB12538154D006C9C58 /* ViewController.swift */; };
		47262AB52538154D006C9C58 /* Main.storyboard in Resources */ = {isa = PBXBuildFile; fileRef = 47262AB32538154D006C9C58 /* Main.storyboard */; };
		47262AB82538154D006C9C58 /* Project.xcdatamodeld in Sources */ = {isa = PBXBuildFile; fileRef = 47262AB62538154D006C9C58 /* Project.xcdatamodeld */; };
		47262ABA25381551006C9C58 /* Assets.xcassets in Resources */ = {isa = PBXBuildFile; fileRef = 47262AB925381551006C9C58 /* Assets.xcassets */; };
		47262ABD25381551006C9C58 /* LaunchScreen.storyboard in Resources */ = {isa = PBXBuildFile; fileRef = 47262ABB25381551006C9C58 /* LaunchScreen.storyboard */; };
		47262AC525381680006C9C58 /* AddStudent.swift in Sources */ = {isa = PBXBuildFile; fileRef = 47262AC425381680006C9C58 /* AddStudent.swift */; };
		47262AC7253819C0006C9C58 /* SelectStudent.swift in Sources */ = {isa = PBXBuildFile; fileRef = 47262AC6253819C0006C9C58 /* SelectStudent.swift */; };
		477FB203253FE54800BF8B3D /* EditStudent.swift in Sources */ = {isa = PBXBuildFile; fileRef = 477FB202253FE54800BF8B3D /* EditStudent.swift */; };
		477FB205253FECFA00BF8B3D /* AddExam.swift in Sources */ = {isa = PBXBuildFile; fileRef = 477FB204253FECFA00BF8B3D /* AddExam.swift */; };
		477FB207253FED0700BF8B3D /* ViewExam.swift in Sources */ = {isa = PBXBuildFile; fileRef = 477FB206253FED0700BF8B3D /* ViewExam.swift */; };
		477FB20C253FEDC400BF8B3D /* MapKit.framework in Frameworks */ = {isa = PBXBuildFile; fileRef = 477FB20B253FEDC300BF8B3D /* MapKit.framework */; };
		477FB20E25401FA000BF8B3D /* MapViewController.swift in Sources */ = {isa = PBXBuildFile; fileRef = 477FB20D25401FA000BF8B3D /* MapViewController.swift */; };
		477FB233254681E400BF8B3D /* Social.framework in Frameworks */ = {isa = PBXBuildFile; fileRef = 477FB232254681E400BF8B3D /* Social.framework */; };
		477FB27E25468E7300BF8B3D /* WebViewController.swift in Sources */ = {isa = PBXBuildFile; fileRef = 477FB27D25468E7300BF8B3D /* WebViewController.swift */; };
		477FB2882546A7EC00BF8B3D /* LoginViewController.swift in Sources */ = {isa = PBXBuildFile; fileRef = 477FB2872546A7EC00BF8B3D /* LoginViewController.swift */; };
		477FB28A2546A7F900BF8B3D /* RegisterViewController.swift in Sources */ = {isa = PBXBuildFile; fileRef = 477FB2892546A7F900BF8B3D /* RegisterViewController.swift */; };
/* End PBXBuildFile section */

/* Begin PBXFileReference section */
		47262AAA2538154D006C9C58 /* Project.app */ = {isa = PBXFileReference; explicitFileType = wrapper.application; includeInIndex = 0; path = Project.app; sourceTree = BUILT_PRODUCTS_DIR; };
		47262AAD2538154D006C9C58 /* AppDelegate.swift */ = {isa = PBXFileReference; lastKnownFileType = sourcecode.swift; path = AppDelegate.swift; sourceTree = "<group>"; };
		47262AAF2538154D006C9C58 /* SceneDelegate.swift */ = {isa = PBXFileReference; lastKnownFileType = sourcecode.swift; path = SceneDelegate.swift; sourceTree = "<group>"; };
		47262AB12538154D006C9C58 /* ViewController.swift */ = {isa = PBXFileReference; lastKnownFileType = sourcecode.swift; path = ViewController.swift; sourceTree = "<group>"; };
		47262AB42538154D006C9C58 /* Base */ = {isa = PBXFileReference; lastKnownFileType = file.storyboard; name = Base; path = Base.lproj/Main.storyboard; sourceTree = "<group>"; };
		47262AB72538154D006C9C58 /* Project.xcdatamodel */ = {isa = PBXFileReference; lastKnownFileType = wrapper.xcdatamodel; path = Project.xcdatamodel; sourceTree = "<group>"; };
		47262AB925381551006C9C58 /* Assets.xcassets */ = {isa = PBXFileReference; lastKnownFileType = folder.assetcatalog; path = Assets.xcassets; sourceTree = "<group>"; };
		47262ABC25381551006C9C58 /* Base */ = {isa = PBXFileReference; lastKnownFileType = file.storyboard; name = Base; path = Base.lproj/LaunchScreen.storyboard; sourceTree = "<group>"; };
		47262ABE25381551006C9C58 /* Info.plist */ = {isa = PBXFileReference; lastKnownFileType = text.plist.xml; path = Info.plist; sourceTree = "<group>"; };
		47262AC425381680006C9C58 /* AddStudent.swift */ = {isa = PBXFileReference; lastKnownFileType = sourcecode.swift; path = AddStudent.swift; sourceTree = "<group>"; };
		47262AC6253819C0006C9C58 /* SelectStudent.swift */ = {isa = PBXFileReference; lastKnownFileType = sourcecode.swift; path = SelectStudent.swift; sourceTree = "<group>"; };
		477FB202253FE54800BF8B3D /* EditStudent.swift */ = {isa = PBXFileReference; lastKnownFileType = sourcecode.swift; path = EditStudent.swift; sourceTree = "<group>"; };
		477FB204253FECFA00BF8B3D /* AddExam.swift */ = {isa = PBXFileReference; lastKnownFileType = sourcecode.swift; path = AddExam.swift; sourceTree = "<group>"; };
		477FB206253FED0700BF8B3D /* ViewExam.swift */ = {isa = PBXFileReference; lastKnownFileType = sourcecode.swift; path = ViewExam.swift; sourceTree = "<group>"; };
		477FB20B253FEDC300BF8B3D /* MapKit.framework */ = {isa = PBXFileReference; lastKnownFileType = wrapper.framework; name = MapKit.framework; path = System/Library/Frameworks/MapKit.framework; sourceTree = SDKROOT; };
		477FB20D25401FA000BF8B3D /* MapViewController.swift */ = {isa = PBXFileReference; lastKnownFileType = sourcecode.swift; path = MapViewController.swift; sourceTree = "<group>"; };
		477FB232254681E400BF8B3D /* Social.framework */ = {isa = PBXFileReference; lastKnownFileType = wrapper.framework; name = Social.framework; path = System/Library/Frameworks/Social.framework; sourceTree = SDKROOT; };
		477FB27D25468E7300BF8B3D /* WebViewController.swift */ = {isa = PBXFileReference; lastKnownFileType = sourcecode.swift; path = WebViewController.swift; sourceTree = "<group>"; };
		477FB2872546A7EC00BF8B3D /* LoginViewController.swift */ = {isa = PBXFileReference; lastKnownFileType = sourcecode.swift; path = LoginViewController.swift; sourceTree = "<group>"; };
		477FB2892546A7F900BF8B3D /* RegisterViewController.swift */ = {isa = PBXFileReference; lastKnownFileType = sourcecode.swift; path = RegisterViewController.swift; sourceTree = "<group>"; };
/* End PBXFileReference section */

/* Begin PBXFrameworksBuildPhase section */
		47262AA72538154D006C9C58 /* Frameworks */ = {
			isa = PBXFrameworksBuildPhase;
			buildActionMask = 2147483647;
			files = (
				477FB233254681E400BF8B3D /* Social.framework in Frameworks */,
				477FB20C253FEDC400BF8B3D /* MapKit.framework in Frameworks */,
			);
			runOnlyForDeploymentPostprocessing = 0;
		};
/* End PBXFrameworksBuildPhase section */

/* Begin PBXGroup section */
		47262AA12538154D006C9C58 = {
			isa = PBXGroup;
			children = (
				47262AAC2538154D006C9C58 /* Project */,
				47262AAB2538154D006C9C58 /* Products */,
				477FB20A253FEDC300BF8B3D /* Frameworks */,
			);
			sourceTree = "<group>";
		};
		47262AAB2538154D006C9C58 /* Products */ = {
			isa = PBXGroup;
			children = (
				47262AAA2538154D006C9C58 /* Project.app */,
			);
			name = Products;
			sourceTree = "<group>";
		};
		47262AAC2538154D006C9C58 /* Project */ = {
			isa = PBXGroup;
			children = (
				47262AAD2538154D006C9C58 /* AppDelegate.swift */,
				47262AAF2538154D006C9C58 /* SceneDelegate.swift */,
				47262AB12538154D006C9C58 /* ViewController.swift */,
				47262AC425381680006C9C58 /* AddStudent.swift */,
				47262AB32538154D006C9C58 /* Main.storyboard */,
				477FB27D25468E7300BF8B3D /* WebViewController.swift */,
				477FB202253FE54800BF8B3D /* EditStudent.swift */,
				477FB20D25401FA000BF8B3D /* MapViewController.swift */,
				477FB204253FECFA00BF8B3D /* AddExam.swift */,
				477FB206253FED0700BF8B3D /* ViewExam.swift */,
				47262AC6253819C0006C9C58 /* SelectStudent.swift */,
				47262AB925381551006C9C58 /* Assets.xcassets */,
				47262ABB25381551006C9C58 /* LaunchScreen.storyboard */,
				47262ABE25381551006C9C58 /* Info.plist */,
				47262AB62538154D006C9C58 /* Project.xcdatamodeld */,
				477FB2872546A7EC00BF8B3D /* LoginViewController.swift */,
				477FB2892546A7F900BF8B3D /* RegisterViewController.swift */,
			);
			path = Project;
			sourceTree = "<group>";
		};
		477FB20A253FEDC300BF8B3D /* Frameworks */ = {
			isa = PBXGroup;
			children = (
				477FB232254681E400BF8B3D /* Social.framework */,
				477FB20B253FEDC300BF8B3D /* MapKit.framework */,
			);
			name = Frameworks;
			sourceTree = "<group>";
		};
/* End PBXGroup section */

/* Begin PBXNativeTarget section */
		47262AA92538154D006C9C58 /* Project */ = {
			isa = PBXNativeTarget;
			buildConfigurationList = 47262AC125381551006C9C58 /* Build configuration list for PBXNativeTarget "Project" */;
			buildPhases = (
				47262AA62538154D006C9C58 /* Sources */,
				47262AA72538154D006C9C58 /* Frameworks */,
				47262AA82538154D006C9C58 /* Resources */,
			);
			buildRules = (
			);
			dependencies = (
			);
			name = Project;
			productName = Project;
			productReference = 47262AAA2538154D006C9C58 /* Project.app */;
			productType = "com.apple.product-type.application";
		};
/* End PBXNativeTarget section */

/* Begin PBXProject section */
		47262AA22538154D006C9C58 /* Project object */ = {
			isa = PBXProject;
			attributes = {
				LastSwiftUpdateCheck = 1130;
				LastUpgradeCheck = 1130;
				ORGANIZATIONNAME = "NAM HYUNWOO & XIANG YANMU";
				TargetAttributes = {
					47262AA92538154D006C9C58 = {
						CreatedOnToolsVersion = 11.3.1;
					};
				};
			};
			buildConfigurationList = 47262AA52538154D006C9C58 /* Build configuration list for PBXProject "Project" */;
			compatibilityVersion = "Xcode 9.3";
			developmentRegion = en;
			hasScannedForEncodings = 0;
			knownRegions = (
				en,
				Base,
			);
			mainGroup = 47262AA12538154D006C9C58;
			productRefGroup = 47262AAB2538154D006C9C58 /* Products */;
			projectDirPath = "";
			projectRoot = "";
			targets = (
				47262AA92538154D006C9C58 /* Project */,
			);
		};
/* End PBXProject section */

/* Begin PBXResourcesBuildPhase section */
		47262AA82538154D006C9C58 /* Resources */ = {
			isa = PBXResourcesBuildPhase;
			buildActionMask = 2147483647;
			files = (
				47262ABD25381551006C9C58 /* LaunchScreen.storyboard in Resources */,
				47262ABA25381551006C9C58 /* Assets.xcassets in Resources */,
				47262AB52538154D006C9C58 /* Main.storyboard in Resources */,
			);
			runOnlyForDeploymentPostprocessing = 0;
		};
/* End PBXResourcesBuildPhase section */

/* Begin PBXSourcesBuildPhase section */
		47262AA62538154D006C9C58 /* Sources */ = {
			isa = PBXSourcesBuildPhase;
			buildActionMask = 2147483647;
			files = (
				477FB2882546A7EC00BF8B3D /* LoginViewController.swift in Sources */,
				477FB20E25401FA000BF8B3D /* MapViewController.swift in Sources */,
				477FB27E25468E7300BF8B3D /* WebViewController.swift in Sources */,
				47262AB22538154D006C9C58 /* ViewController.swift in Sources */,
				47262AAE2538154D006C9C58 /* AppDelegate.swift in Sources */,
				477FB203253FE54800BF8B3D /* EditStudent.swift in Sources */,
				477FB207253FED0700BF8B3D /* ViewExam.swift in Sources */,
				47262AB02538154D006C9C58 /* SceneDelegate.swift in Sources */,
				477FB205253FECFA00BF8B3D /* AddExam.swift in Sources */,
				47262AB82538154D006C9C58 /* Project.xcdatamodeld in Sources */,
				477FB28A2546A7F900BF8B3D /* RegisterViewController.swift in Sources */,
				47262AC525381680006C9C58 /* AddStudent.swift in Sources */,
				47262AC7253819C0006C9C58 /* SelectStudent.swift in Sources */,
			);
			runOnlyForDeploymentPostprocessing = 0;
		};
/* End PBXSourcesBuildPhase section */

/* Begin PBXVariantGroup section */
		47262AB32538154D006C9C58 /* Main.storyboard */ = {
			isa = PBXVariantGroup;
			children = (
				47262AB42538154D006C9C58 /* Base */,
			);
			name = Main.storyboard;
			sourceTree = "<group>";
		};
		47262ABB25381551006C9C58 /* LaunchScreen.storyboard */ = {
			isa = PBXVariantGroup;
			children = (
				47262ABC25381551006C9C58 /* Base */,
			);
			name = LaunchScreen.storyboard;
			sourceTree = "<group>";
		};
/* End PBXVariantGroup section */

/* Begin XCBuildConfiguration section */
		47262ABF25381551006C9C58 /* Debug */ = {
			isa = XCBuildConfiguration;
			buildSettings = {
				ALWAYS_SEARCH_USER_PATHS = NO;
				CLANG_ANALYZER_NONNULL = YES;
				CLANG_ANALYZER_NUMBER_OBJECT_CONVERSION = YES_AGGRESSIVE;
				CLANG_CXX_LANGUAGE_STANDARD = "gnu++14";
				CLANG_CXX_LIBRARY = "libc++";
				CLANG_ENABLE_MODULES = YES;
				CLANG_ENABLE_OBJC_ARC = YES;
				CLANG_ENABLE_OBJC_WEAK = YES;
				CLANG_WARN_BLOCK_CAPTURE_AUTORELEASING = YES;
				CLANG_WARN_BOOL_CONVERSION = YES;
				CLANG_WARN_COMMA = YES;
				CLANG_WARN_CONSTANT_CONVERSION = YES;
				CLANG_WARN_DEPRECATED_OBJC_IMPLEMENTATIONS = YES;
				CLANG_WARN_DIRECT_OBJC_ISA_USAGE = YES_ERROR;
				CLANG_WARN_DOCUMENTATION_COMMENTS = YES;
				CLANG_WARN_EMPTY_BODY = YES;
				CLANG_WARN_ENUM_CONVERSION = YES;
				CLANG_WARN_INFINITE_RECURSION = YES;
				CLANG_WARN_INT_CONVERSION = YES;
				CLANG_WARN_NON_LITERAL_NULL_CONVERSION = YES;
				CLANG_WARN_OBJC_IMPLICIT_RETAIN_SELF = YES;
				CLANG_WARN_OBJC_LITERAL_CONVERSION = YES;
				CLANG_WARN_OBJC_ROOT_CLASS = YES_ERROR;
				CLANG_WARN_RANGE_LOOP_ANALYSIS = YES;
				CLANG_WARN_STRICT_PROTOTYPES = YES;
				CLANG_WARN_SUSPICIOUS_MOVE = YES;
				CLANG_WARN_UNGUARDED_AVAILABILITY = YES_AGGRESSIVE;
				CLANG_WARN_UNREACHABLE_CODE = YES;
				CLANG_WARN__DUPLICATE_METHOD_MATCH = YES;
				COPY_PHASE_STRIP = NO;
				DEBUG_INFORMATION_FORMAT = dwarf;
				ENABLE_STRICT_OBJC_MSGSEND = YES;
				ENABLE_TESTABILITY = YES;
				GCC_C_LANGUAGE_STANDARD = gnu11;
				GCC_DYNAMIC_NO_PIC = NO;
				GCC_NO_COMMON_BLOCKS = YES;
				GCC_OPTIMIZATION_LEVEL = 0;
				GCC_PREPROCESSOR_DEFINITIONS = (
					"DEBUG=1",
					"$(inherited)",
				);
				GCC_WARN_64_TO_32_BIT_CONVERSION = YES;
				GCC_WARN_ABOUT_RETURN_TYPE = YES_ERROR;
				GCC_WARN_UNDECLARED_SELECTOR = YES;
				GCC_WARN_UNINITIALIZED_AUTOS = YES_AGGRESSIVE;
				GCC_WARN_UNUSED_FUNCTION = YES;
				GCC_WARN_UNUSED_VARIABLE = YES;
				IPHONEOS_DEPLOYMENT_TARGET = 13.2;
				MTL_ENABLE_DEBUG_INFO = INCLUDE_SOURCE;
				MTL_FAST_MATH = YES;
				ONLY_ACTIVE_ARCH = YES;
				SDKROOT = iphoneos;
				SWIFT_ACTIVE_COMPILATION_CONDITIONS = DEBUG;
				SWIFT_OPTIMIZATION_LEVEL = "-Onone";
			};
			name = Debug;
		};
		47262AC025381551006C9C58 /* Release */ = {
			isa = XCBuildConfiguration;
			buildSettings = {
				ALWAYS_SEARCH_USER_PATHS = NO;
				CLANG_ANALYZER_NONNULL = YES;
				CLANG_ANALYZER_NUMBER_OBJECT_CONVERSION = YES_AGGRESSIVE;
				CLANG_CXX_LANGUAGE_STANDARD = "gnu++14";
				CLANG_CXX_LIBRARY = "libc++";
				CLANG_ENABLE_MODULES = YES;
				CLANG_ENABLE_OBJC_ARC = YES;
				CLANG_ENABLE_OBJC_WEAK = YES;
				CLANG_WARN_BLOCK_CAPTURE_AUTORELEASING = YES;
				CLANG_WARN_BOOL_CONVERSION = YES;
				CLANG_WARN_COMMA = YES;
				CLANG_WARN_CONSTANT_CONVERSION = YES;
				CLANG_WARN_DEPRECATED_OBJC_IMPLEMENTATIONS = YES;
				CLANG_WARN_DIRECT_OBJC_ISA_USAGE = YES_ERROR;
				CLANG_WARN_DOCUMENTATION_COMMENTS = YES;
				CLANG_WARN_EMPTY_BODY = YES;
				CLANG_WARN_ENUM_CONVERSION = YES;
				CLANG_WARN_INFINITE_RECURSION = YES;
				CLANG_WARN_INT_CONVERSION = YES;
				CLANG_WARN_NON_LITERAL_NULL_CONVERSION = YES;
				CLANG_WARN_OBJC_IMPLICIT_RETAIN_SELF = YES;
				CLANG_WARN_OBJC_LITERAL_CONVERSION = YES;
				CLANG_WARN_OBJC_ROOT_CLASS = YES_ERROR;
				CLANG_WARN_RANGE_LOOP_ANALYSIS = YES;
				CLANG_WARN_STRICT_PROTOTYPES = YES;
				CLANG_WARN_SUSPICIOUS_MOVE = YES;
				CLANG_WARN_UNGUARDED_AVAILABILITY = YES_AGGRESSIVE;
				CLANG_WARN_UNREACHABLE_CODE = YES;
				CLANG_WARN__DUPLICATE_METHOD_MATCH = YES;
				COPY_PHASE_STRIP = NO;
				DEBUG_INFORMATION_FORMAT = "dwarf-with-dsym";
				ENABLE_NS_ASSERTIONS = NO;
				ENABLE_STRICT_OBJC_MSGSEND = YES;
				GCC_C_LANGUAGE_STANDARD = gnu11;
				GCC_NO_COMMON_BLOCKS = YES;
				GCC_WARN_64_TO_32_BIT_CONVERSION = YES;
				GCC_WARN_ABOUT_RETURN_TYPE = YES_ERROR;
				GCC_WARN_UNDECLARED_SELECTOR = YES;
				GCC_WARN_UNINITIALIZED_AUTOS = YES_AGGRESSIVE;
				GCC_WARN_UNUSED_FUNCTION = YES;
				GCC_WARN_UNUSED_VARIABLE = YES;
				IPHONEOS_DEPLOYMENT_TARGET = 13.2;
				MTL_ENABLE_DEBUG_INFO = NO;
				MTL_FAST_MATH = YES;
				SDKROOT = iphoneos;
				SWIFT_COMPILATION_MODE = wholemodule;
				SWIFT_OPTIMIZATION_LEVEL = "-O";
				VALIDATE_PRODUCT = YES;
			};
			name = Release;
		};
		47262AC225381551006C9C58 /* Debug */ = {
			isa = XCBuildConfiguration;
			buildSettings = {
				ASSETCATALOG_COMPILER_APPICON_NAME = AppIcon;
				CODE_SIGN_STYLE = Automatic;
				DEVELOPMENT_TEAM = Y483LHA69D;
				INFOPLIST_FILE = Project/Info.plist;
				LD_RUNPATH_SEARCH_PATHS = (
					"$(inherited)",
					"@executable_path/Frameworks",
				);
				PRODUCT_BUNDLE_IDENTIFIER = Ryan.Project;
				PRODUCT_NAME = "$(TARGET_NAME)";
				SWIFT_VERSION = 5.0;
				TARGETED_DEVICE_FAMILY = 1;
			};
			name = Debug;
		};
		47262AC325381551006C9C58 /* Release */ = {
			isa = XCBuildConfiguration;
			buildSettings = {
				ASSETCATALOG_COMPILER_APPICON_NAME = AppIcon;
				CODE_SIGN_STYLE = Automatic;
				DEVELOPMENT_TEAM = Y483LHA69D;
				INFOPLIST_FILE = Project/Info.plist;
				LD_RUNPATH_SEARCH_PATHS = (
					"$(inherited)",
					"@executable_path/Frameworks",
				);
				PRODUCT_BUNDLE_IDENTIFIER = Ryan.Project;
				PRODUCT_NAME = "$(TARGET_NAME)";
				SWIFT_VERSION = 5.0;
				TARGETED_DEVICE_FAMILY = 1;
			};
			name = Release;
		};
/* End XCBuildConfiguration section */

/* Begin XCConfigurationList section */
		47262AA52538154D006C9C58 /* Build configuration list for PBXProject "Project" */ = {
			isa = XCConfigurationList;
			buildConfigurations = (
				47262ABF25381551006C9C58 /* Debug */,
				47262AC025381551006C9C58 /* Release */,
			);
			defaultConfigurationIsVisible = 0;
			defaultConfigurationName = Release;
		};
		47262AC125381551006C9C58 /* Build configuration list for PBXNativeTarget "Project" */ = {
			isa = XCConfigurationList;
			buildConfigurations = (
				47262AC225381551006C9C58 /* Debug */,
				47262AC325381551006C9C58 /* Release */,
			);
			defaultConfigurationIsVisible = 0;
			defaultConfigurationName = Release;
		};
/* End XCConfigurationList section */

/* Begin XCVersionGroup section */
		47262AB62538154D006C9C58 /* Project.xcdatamodeld */ = {
			isa = XCVersionGroup;
			children = (
				47262AB72538154D006C9C58 /* Project.xcdatamodel */,
			);
			currentVersion = 47262AB72538154D006C9C58 /* Project.xcdatamodel */;
			path = Project.xcdatamodeld;
			sourceTree = "<group>";
			versionGroupType = wrapper.xcdatamodel;
		};
/* End XCVersionGroup section */
	};
	rootObject = 47262AA22538154D006C9C58 /* Project object */;
}
